// !$*UTF8*$!
{
	archiveVersion = 1;
	classes = {
	};
	objectVersion = 46;
	objects = {

/* Begin PBXBuildFile section */
		3B3728CD1BCAC0C200BB49D1 /* OptionViewController.m in Sources */ = {isa = PBXBuildFile; fileRef = 3B3728CC1BCAC0C200BB49D1 /* OptionViewController.m */; settings = {ASSET_TAGS = (); }; };
		3B586FCE1BC98A3700DFE4A8 /* SCShapeView.m in Sources */ = {isa = PBXBuildFile; fileRef = 3B586FCD1BC98A3700DFE4A8 /* SCShapeView.m */; settings = {ASSET_TAGS = (); }; };
		3B586FD11BC98B9E00DFE4A8 /* QRScanViewController.m in Sources */ = {isa = PBXBuildFile; fileRef = 3B586FD01BC98B9E00DFE4A8 /* QRScanViewController.m */; settings = {ASSET_TAGS = (); }; };
		FA21888F1BC9DDBE008E4131 /* ReserveViewController.m in Sources */ = {isa = PBXBuildFile; fileRef = FA21888E1BC9DDBE008E4131 /* ReserveViewController.m */; settings = {ASSET_TAGS = (); }; };
		FA2188921BC9E4FE008E4131 /* Reservation.m in Sources */ = {isa = PBXBuildFile; fileRef = FA2188911BC9E4FE008E4131 /* Reservation.m */; settings = {ASSET_TAGS = (); }; };
		FA2188A61BC9E4FE008E4131 /* Bolts.framework in Frameworks */ = {isa = PBXBuildFile; fileRef = FA2188A41BC9E4FE008E4131 /* Bolts.framework */; settings = {ASSET_TAGS = (); }; };
		FA2188A71BC9E4FE008E4131 /* Parse.framework in Frameworks */ = {isa = PBXBuildFile; fileRef = FA2188A51BC9E4FE008E4131 /* Parse.framework */; settings = {ASSET_TAGS = (); }; };
		FA2188B01BC9E4FE008E4131 /* Stripe.framework in Frameworks */ = {isa = PBXBuildFile; fileRef = FA2188AE1BC9E4FE008E4131 /* Stripe.framework */; settings = {ASSET_TAGS = (); }; };
		FA2188B41BC9E4FE008E4131 /* Constants.m in Sources */ = {isa = PBXBuildFile; fileRef = FA2188B31BC9E4FE008E4131 /* Constants.m */; settings = {ASSET_TAGS = (); }; };
		FA2188B71BC9E4FE008E4131 /* CheckViewController.m in Sources */ = {isa = PBXBuildFile; fileRef = FA2188B61BC9E4FE008E4131 /* CheckViewController.m */; settings = {ASSET_TAGS = (); }; };
		FA2188BA1BC9E4FE008E4131 /* PaymentViewController.m in Sources */ = {isa = PBXBuildFile; fileRef = FA2188B91BC9E4FE008E4131 /* PaymentViewController.m */; settings = {ASSET_TAGS = (); }; };
		FA2188BC1BCA0830008E4131 /* Main.storyboard in Resources */ = {isa = PBXBuildFile; fileRef = FA2188BB1BCA0830008E4131 /* Main.storyboard */; settings = {ASSET_TAGS = (); }; };
		FABFE1C41BC8E69600B0BE97 /* main.m in Sources */ = {isa = PBXBuildFile; fileRef = FABFE1C31BC8E69600B0BE97 /* main.m */; };
		FABFE1C71BC8E69600B0BE97 /* AppDelegate.m in Sources */ = {isa = PBXBuildFile; fileRef = FABFE1C61BC8E69600B0BE97 /* AppDelegate.m */; };
		FABFE1CA1BC8E69600B0BE97 /* ViewController.m in Sources */ = {isa = PBXBuildFile; fileRef = FABFE1C91BC8E69600B0BE97 /* ViewController.m */; };
		FABFE1CF1BC8E69600B0BE97 /* Assets.xcassets in Resources */ = {isa = PBXBuildFile; fileRef = FABFE1CE1BC8E69600B0BE97 /* Assets.xcassets */; };
		FABFE1D21BC8E69600B0BE97 /* LaunchScreen.storyboard in Resources */ = {isa = PBXBuildFile; fileRef = FABFE1D01BC8E69600B0BE97 /* LaunchScreen.storyboard */; };
		FABFE1DD1BC8E69600B0BE97 /* LetsEatTests.m in Sources */ = {isa = PBXBuildFile; fileRef = FABFE1DC1BC8E69600B0BE97 /* LetsEatTests.m */; };
		FABFE1E81BC8E69600B0BE97 /* LetsEatUITests.m in Sources */ = {isa = PBXBuildFile; fileRef = FABFE1E71BC8E69600B0BE97 /* LetsEatUITests.m */; };
		FABFE1FB1BC8E90A00B0BE97 /* AudioToolbox.framework in Frameworks */ = {isa = PBXBuildFile; fileRef = FABFE1FA1BC8E90A00B0BE97 /* AudioToolbox.framework */; };
		FABFE1FD1BC8E96100B0BE97 /* CFNetwork.framework in Frameworks */ = {isa = PBXBuildFile; fileRef = FABFE1FC1BC8E96100B0BE97 /* CFNetwork.framework */; };
		FABFE1FF1BC8E96A00B0BE97 /* CoreGraphics.framework in Frameworks */ = {isa = PBXBuildFile; fileRef = FABFE1FE1BC8E96A00B0BE97 /* CoreGraphics.framework */; };
		FABFE2011BC8E97300B0BE97 /* CoreLocation.framework in Frameworks */ = {isa = PBXBuildFile; fileRef = FABFE2001BC8E97300B0BE97 /* CoreLocation.framework */; };
		FABFE2031BC8E97B00B0BE97 /* QuartzCore.framework in Frameworks */ = {isa = PBXBuildFile; fileRef = FABFE2021BC8E97B00B0BE97 /* QuartzCore.framework */; };
		FABFE2051BC8E98500B0BE97 /* Security.framework in Frameworks */ = {isa = PBXBuildFile; fileRef = FABFE2041BC8E98500B0BE97 /* Security.framework */; };
		FABFE2071BC8E98D00B0BE97 /* StoreKit.framework in Frameworks */ = {isa = PBXBuildFile; fileRef = FABFE2061BC8E98D00B0BE97 /* StoreKit.framework */; };
		FABFE2091BC8E99700B0BE97 /* SystemConfiguration.framework in Frameworks */ = {isa = PBXBuildFile; fileRef = FABFE2081BC8E99700B0BE97 /* SystemConfiguration.framework */; };
		FABFE20B1BC8E9A000B0BE97 /* libz.1.1.3.tbd in Frameworks */ = {isa = PBXBuildFile; fileRef = FABFE20A1BC8E9A000B0BE97 /* libz.1.1.3.tbd */; };
		FABFE20D1BC8E9B000B0BE97 /* libsqlite3.0.tbd in Frameworks */ = {isa = PBXBuildFile; fileRef = FABFE20C1BC8E9B000B0BE97 /* libsqlite3.0.tbd */; };
/* End PBXBuildFile section */

/* Begin PBXContainerItemProxy section */
		FABFE1D91BC8E69600B0BE97 /* PBXContainerItemProxy */ = {
			isa = PBXContainerItemProxy;
			containerPortal = FABFE1B71BC8E69500B0BE97 /* Project object */;
			proxyType = 1;
			remoteGlobalIDString = FABFE1BE1BC8E69500B0BE97;
			remoteInfo = LetsEat;
		};
		FABFE1E41BC8E69600B0BE97 /* PBXContainerItemProxy */ = {
			isa = PBXContainerItemProxy;
			containerPortal = FABFE1B71BC8E69500B0BE97 /* Project object */;
			proxyType = 1;
			remoteGlobalIDString = FABFE1BE1BC8E69500B0BE97;
			remoteInfo = LetsEat;
		};
/* End PBXContainerItemProxy section */

/* Begin PBXFileReference section */
		3B3728CB1BCAC0C200BB49D1 /* OptionViewController.h */ = {isa = PBXFileReference; fileEncoding = 4; lastKnownFileType = sourcecode.c.h; path = OptionViewController.h; sourceTree = "<group>"; };
		3B3728CC1BCAC0C200BB49D1 /* OptionViewController.m */ = {isa = PBXFileReference; fileEncoding = 4; lastKnownFileType = sourcecode.c.objc; path = OptionViewController.m; sourceTree = "<group>"; };
		3B586FCC1BC98A3700DFE4A8 /* SCShapeView.h */ = {isa = PBXFileReference; fileEncoding = 4; lastKnownFileType = sourcecode.c.h; path = SCShapeView.h; sourceTree = "<group>"; };
		3B586FCD1BC98A3700DFE4A8 /* SCShapeView.m */ = {isa = PBXFileReference; fileEncoding = 4; lastKnownFileType = sourcecode.c.objc; path = SCShapeView.m; sourceTree = "<group>"; };
		3B586FCF1BC98B9E00DFE4A8 /* QRScanViewController.h */ = {isa = PBXFileReference; fileEncoding = 4; lastKnownFileType = sourcecode.c.h; path = QRScanViewController.h; sourceTree = "<group>"; };
		3B586FD01BC98B9E00DFE4A8 /* QRScanViewController.m */ = {isa = PBXFileReference; fileEncoding = 4; lastKnownFileType = sourcecode.c.objc; path = QRScanViewController.m; sourceTree = "<group>"; };
		FA21888D1BC9DDBE008E4131 /* ReserveViewController.h */ = {isa = PBXFileReference; fileEncoding = 4; lastKnownFileType = sourcecode.c.h; path = ReserveViewController.h; sourceTree = "<group>"; };
		FA21888E1BC9DDBE008E4131 /* ReserveViewController.m */ = {isa = PBXFileReference; fileEncoding = 4; lastKnownFileType = sourcecode.c.objc; path = ReserveViewController.m; sourceTree = "<group>"; };
		FA2188901BC9E4FE008E4131 /* Reservation.h */ = {isa = PBXFileReference; fileEncoding = 4; lastKnownFileType = sourcecode.c.h; path = Reservation.h; sourceTree = "<group>"; };
		FA2188911BC9E4FE008E4131 /* Reservation.m */ = {isa = PBXFileReference; fileEncoding = 4; lastKnownFileType = sourcecode.c.objc; path = Reservation.m; sourceTree = "<group>"; };
		FA2188A41BC9E4FE008E4131 /* Bolts.framework */ = {isa = PBXFileReference; lastKnownFileType = wrapper.framework; path = Bolts.framework; sourceTree = "<group>"; };
		FA2188A51BC9E4FE008E4131 /* Parse.framework */ = {isa = PBXFileReference; lastKnownFileType = wrapper.framework; path = Parse.framework; sourceTree = "<group>"; };
		FA2188AE1BC9E4FE008E4131 /* Stripe.framework */ = {isa = PBXFileReference; lastKnownFileType = wrapper.framework; path = Stripe.framework; sourceTree = "<group>"; };
		FA2188B21BC9E4FE008E4131 /* Constants.h */ = {isa = PBXFileReference; fileEncoding = 4; lastKnownFileType = sourcecode.c.h; path = Constants.h; sourceTree = "<group>"; };
		FA2188B31BC9E4FE008E4131 /* Constants.m */ = {isa = PBXFileReference; fileEncoding = 4; lastKnownFileType = sourcecode.c.objc; path = Constants.m; sourceTree = "<group>"; };
		FA2188B51BC9E4FE008E4131 /* CheckViewController.h */ = {isa = PBXFileReference; fileEncoding = 4; lastKnownFileType = sourcecode.c.h; path = CheckViewController.h; sourceTree = "<group>"; };
		FA2188B61BC9E4FE008E4131 /* CheckViewController.m */ = {isa = PBXFileReference; fileEncoding = 4; lastKnownFileType = sourcecode.c.objc; path = CheckViewController.m; sourceTree = "<group>"; };
		FA2188B81BC9E4FE008E4131 /* PaymentViewController.h */ = {isa = PBXFileReference; fileEncoding = 4; lastKnownFileType = sourcecode.c.h; path = PaymentViewController.h; sourceTree = "<group>"; };
		FA2188B91BC9E4FE008E4131 /* PaymentViewController.m */ = {isa = PBXFileReference; fileEncoding = 4; lastKnownFileType = sourcecode.c.objc; path = PaymentViewController.m; sourceTree = "<group>"; };
		FA2188BB1BCA0830008E4131 /* Main.storyboard */ = {isa = PBXFileReference; fileEncoding = 4; lastKnownFileType = file.storyboard; path = Main.storyboard; sourceTree = "<group>"; };
		FABFE1BF1BC8E69600B0BE97 /* LetsEat.app */ = {isa = PBXFileReference; explicitFileType = wrapper.application; includeInIndex = 0; path = LetsEat.app; sourceTree = BUILT_PRODUCTS_DIR; };
		FABFE1C31BC8E69600B0BE97 /* main.m */ = {isa = PBXFileReference; lastKnownFileType = sourcecode.c.objc; path = main.m; sourceTree = "<group>"; };
		FABFE1C51BC8E69600B0BE97 /* AppDelegate.h */ = {isa = PBXFileReference; lastKnownFileType = sourcecode.c.h; path = AppDelegate.h; sourceTree = "<group>"; };
		FABFE1C61BC8E69600B0BE97 /* AppDelegate.m */ = {isa = PBXFileReference; lastKnownFileType = sourcecode.c.objc; path = AppDelegate.m; sourceTree = "<group>"; };
		FABFE1C81BC8E69600B0BE97 /* ViewController.h */ = {isa = PBXFileReference; lastKnownFileType = sourcecode.c.h; path = ViewController.h; sourceTree = "<group>"; };
		FABFE1C91BC8E69600B0BE97 /* ViewController.m */ = {isa = PBXFileReference; lastKnownFileType = sourcecode.c.objc; path = ViewController.m; sourceTree = "<group>"; };
		FABFE1CE1BC8E69600B0BE97 /* Assets.xcassets */ = {isa = PBXFileReference; lastKnownFileType = folder.assetcatalog; path = Assets.xcassets; sourceTree = "<group>"; };
		FABFE1D11BC8E69600B0BE97 /* Base */ = {isa = PBXFileReference; lastKnownFileType = file.storyboard; name = Base; path = Base.lproj/LaunchScreen.storyboard; sourceTree = "<group>"; };
		FABFE1D31BC8E69600B0BE97 /* Info.plist */ = {isa = PBXFileReference; lastKnownFileType = text.plist.xml; path = Info.plist; sourceTree = "<group>"; };
		FABFE1D81BC8E69600B0BE97 /* LetsEatTests.xctest */ = {isa = PBXFileReference; explicitFileType = wrapper.cfbundle; includeInIndex = 0; path = LetsEatTests.xctest; sourceTree = BUILT_PRODUCTS_DIR; };
		FABFE1DC1BC8E69600B0BE97 /* LetsEatTests.m */ = {isa = PBXFileReference; lastKnownFileType = sourcecode.c.objc; path = LetsEatTests.m; sourceTree = "<group>"; };
		FABFE1DE1BC8E69600B0BE97 /* Info.plist */ = {isa = PBXFileReference; lastKnownFileType = text.plist.xml; path = Info.plist; sourceTree = "<group>"; };
		FABFE1E31BC8E69600B0BE97 /* LetsEatUITests.xctest */ = {isa = PBXFileReference; explicitFileType = wrapper.cfbundle; includeInIndex = 0; path = LetsEatUITests.xctest; sourceTree = BUILT_PRODUCTS_DIR; };
		FABFE1E71BC8E69600B0BE97 /* LetsEatUITests.m */ = {isa = PBXFileReference; lastKnownFileType = sourcecode.c.objc; path = LetsEatUITests.m; sourceTree = "<group>"; };
		FABFE1E91BC8E69600B0BE97 /* Info.plist */ = {isa = PBXFileReference; lastKnownFileType = text.plist.xml; path = Info.plist; sourceTree = "<group>"; };
		FABFE1FA1BC8E90A00B0BE97 /* AudioToolbox.framework */ = {isa = PBXFileReference; lastKnownFileType = wrapper.framework; name = AudioToolbox.framework; path = System/Library/Frameworks/AudioToolbox.framework; sourceTree = SDKROOT; };
		FABFE1FC1BC8E96100B0BE97 /* CFNetwork.framework */ = {isa = PBXFileReference; lastKnownFileType = wrapper.framework; name = CFNetwork.framework; path = System/Library/Frameworks/CFNetwork.framework; sourceTree = SDKROOT; };
		FABFE1FE1BC8E96A00B0BE97 /* CoreGraphics.framework */ = {isa = PBXFileReference; lastKnownFileType = wrapper.framework; name = CoreGraphics.framework; path = System/Library/Frameworks/CoreGraphics.framework; sourceTree = SDKROOT; };
		FABFE2001BC8E97300B0BE97 /* CoreLocation.framework */ = {isa = PBXFileReference; lastKnownFileType = wrapper.framework; name = CoreLocation.framework; path = System/Library/Frameworks/CoreLocation.framework; sourceTree = SDKROOT; };
		FABFE2021BC8E97B00B0BE97 /* QuartzCore.framework */ = {isa = PBXFileReference; lastKnownFileType = wrapper.framework; name = QuartzCore.framework; path = System/Library/Frameworks/QuartzCore.framework; sourceTree = SDKROOT; };
		FABFE2041BC8E98500B0BE97 /* Security.framework */ = {isa = PBXFileReference; lastKnownFileType = wrapper.framework; name = Security.framework; path = System/Library/Frameworks/Security.framework; sourceTree = SDKROOT; };
		FABFE2061BC8E98D00B0BE97 /* StoreKit.framework */ = {isa = PBXFileReference; lastKnownFileType = wrapper.framework; name = StoreKit.framework; path = System/Library/Frameworks/StoreKit.framework; sourceTree = SDKROOT; };
		FABFE2081BC8E99700B0BE97 /* SystemConfiguration.framework */ = {isa = PBXFileReference; lastKnownFileType = wrapper.framework; name = SystemConfiguration.framework; path = System/Library/Frameworks/SystemConfiguration.framework; sourceTree = SDKROOT; };
		FABFE20A1BC8E9A000B0BE97 /* libz.1.1.3.tbd */ = {isa = PBXFileReference; lastKnownFileType = "sourcecode.text-based-dylib-definition"; name = libz.1.1.3.tbd; path = usr/lib/libz.1.1.3.tbd; sourceTree = SDKROOT; };
		FABFE20C1BC8E9B000B0BE97 /* libsqlite3.0.tbd */ = {isa = PBXFileReference; lastKnownFileType = "sourcecode.text-based-dylib-definition"; name = libsqlite3.0.tbd; path = usr/lib/libsqlite3.0.tbd; sourceTree = SDKROOT; };
/* End PBXFileReference section */

/* Begin PBXFrameworksBuildPhase section */
		FABFE1BC1BC8E69500B0BE97 /* Frameworks */ = {
			isa = PBXFrameworksBuildPhase;
			buildActionMask = 2147483647;
			files = (
				FABFE20D1BC8E9B000B0BE97 /* libsqlite3.0.tbd in Frameworks */,
				FA2188B01BC9E4FE008E4131 /* Stripe.framework in Frameworks */,
				FABFE20B1BC8E9A000B0BE97 /* libz.1.1.3.tbd in Frameworks */,
				FABFE2091BC8E99700B0BE97 /* SystemConfiguration.framework in Frameworks */,
				FABFE2071BC8E98D00B0BE97 /* StoreKit.framework in Frameworks */,
				FABFE2051BC8E98500B0BE97 /* Security.framework in Frameworks */,
				FABFE2031BC8E97B00B0BE97 /* QuartzCore.framework in Frameworks */,
				FABFE2011BC8E97300B0BE97 /* CoreLocation.framework in Frameworks */,
				FABFE1FF1BC8E96A00B0BE97 /* CoreGraphics.framework in Frameworks */,
				FA2188A61BC9E4FE008E4131 /* Bolts.framework in Frameworks */,
				FABFE1FD1BC8E96100B0BE97 /* CFNetwork.framework in Frameworks */,
				FA2188A71BC9E4FE008E4131 /* Parse.framework in Frameworks */,
				FABFE1FB1BC8E90A00B0BE97 /* AudioToolbox.framework in Frameworks */,
			);
			runOnlyForDeploymentPostprocessing = 0;
		};
		FABFE1D51BC8E69600B0BE97 /* Frameworks */ = {
			isa = PBXFrameworksBuildPhase;
			buildActionMask = 2147483647;
			files = (
			);
			runOnlyForDeploymentPostprocessing = 0;
		};
		FABFE1E01BC8E69600B0BE97 /* Frameworks */ = {
			isa = PBXFrameworksBuildPhase;
			buildActionMask = 2147483647;
			files = (
			);
			runOnlyForDeploymentPostprocessing = 0;
		};
/* End PBXFrameworksBuildPhase section */

/* Begin PBXGroup section */
		FABFE1B61BC8E69500B0BE97 = {
			isa = PBXGroup;
			children = (
				FABFE1C11BC8E69600B0BE97 /* LetsEat */,
				FABFE1DB1BC8E69600B0BE97 /* LetsEatTests */,
				FABFE1E61BC8E69600B0BE97 /* LetsEatUITests */,
				FABFE1C01BC8E69600B0BE97 /* Products */,
			);
			sourceTree = "<group>";
		};
		FABFE1C01BC8E69600B0BE97 /* Products */ = {
			isa = PBXGroup;
			children = (
				FABFE1BF1BC8E69600B0BE97 /* LetsEat.app */,
				FABFE1D81BC8E69600B0BE97 /* LetsEatTests.xctest */,
				FABFE1E31BC8E69600B0BE97 /* LetsEatUITests.xctest */,
			);
			name = Products;
			sourceTree = "<group>";
		};
		FABFE1C11BC8E69600B0BE97 /* LetsEat */ = {
			isa = PBXGroup;
			children = (
				FABFE1F51BC8E8C300B0BE97 /* Frameworks */,
				FABFE1C51BC8E69600B0BE97 /* AppDelegate.h */,
				FABFE1C61BC8E69600B0BE97 /* AppDelegate.m */,
				FA2188B21BC9E4FE008E4131 /* Constants.h */,
				FA2188B31BC9E4FE008E4131 /* Constants.m */,
				FABFE1C81BC8E69600B0BE97 /* ViewController.h */,
				FABFE1C91BC8E69600B0BE97 /* ViewController.m */,
				3B586FCC1BC98A3700DFE4A8 /* SCShapeView.h */,
				3B586FCD1BC98A3700DFE4A8 /* SCShapeView.m */,
				FA2188BB1BCA0830008E4131 /* Main.storyboard */,
				3B586FCF1BC98B9E00DFE4A8 /* QRScanViewController.h */,
				3B586FD01BC98B9E00DFE4A8 /* QRScanViewController.m */,
				3B3728CB1BCAC0C200BB49D1 /* OptionViewController.h */,
				3B3728CC1BCAC0C200BB49D1 /* OptionViewController.m */,
				FA21888D1BC9DDBE008E4131 /* ReserveViewController.h */,
				FA21888E1BC9DDBE008E4131 /* ReserveViewController.m */,
				FA2188B51BC9E4FE008E4131 /* CheckViewController.h */,
				FA2188B61BC9E4FE008E4131 /* CheckViewController.m */,
				FA2188B81BC9E4FE008E4131 /* PaymentViewController.h */,
				FA2188B91BC9E4FE008E4131 /* PaymentViewController.m */,
				FABFE1CE1BC8E69600B0BE97 /* Assets.xcassets */,
				FABFE1D01BC8E69600B0BE97 /* LaunchScreen.storyboard */,
				FABFE1D31BC8E69600B0BE97 /* Info.plist */,
				FABFE1C21BC8E69600B0BE97 /* Supporting Files */,
				FA2188901BC9E4FE008E4131 /* Reservation.h */,
				FA2188911BC9E4FE008E4131 /* Reservation.m */,
			);
			path = LetsEat;
			sourceTree = "<group>";
		};
		FABFE1C21BC8E69600B0BE97 /* Supporting Files */ = {
			isa = PBXGroup;
			children = (
				FABFE1C31BC8E69600B0BE97 /* main.m */,
			);
			name = "Supporting Files";
			sourceTree = "<group>";
		};
		FABFE1DB1BC8E69600B0BE97 /* LetsEatTests */ = {
			isa = PBXGroup;
			children = (
				FABFE1DC1BC8E69600B0BE97 /* LetsEatTests.m */,
				FABFE1DE1BC8E69600B0BE97 /* Info.plist */,
			);
			path = LetsEatTests;
			sourceTree = "<group>";
		};
		FABFE1E61BC8E69600B0BE97 /* LetsEatUITests */ = {
			isa = PBXGroup;
			children = (
				FABFE1E71BC8E69600B0BE97 /* LetsEatUITests.m */,
				FABFE1E91BC8E69600B0BE97 /* Info.plist */,
			);
			path = LetsEatUITests;
			sourceTree = "<group>";
		};
		FABFE1F51BC8E8C300B0BE97 /* Frameworks */ = {
			isa = PBXGroup;
			children = (
				FA2188AE1BC9E4FE008E4131 /* Stripe.framework */,
				FA2188A41BC9E4FE008E4131 /* Bolts.framework */,
				FA2188A51BC9E4FE008E4131 /* Parse.framework */,
				FABFE20C1BC8E9B000B0BE97 /* libsqlite3.0.tbd */,
				FABFE20A1BC8E9A000B0BE97 /* libz.1.1.3.tbd */,
				FABFE2081BC8E99700B0BE97 /* SystemConfiguration.framework */,
				FABFE2061BC8E98D00B0BE97 /* StoreKit.framework */,
				FABFE2041BC8E98500B0BE97 /* Security.framework */,
				FABFE2021BC8E97B00B0BE97 /* QuartzCore.framework */,
				FABFE2001BC8E97300B0BE97 /* CoreLocation.framework */,
				FABFE1FE1BC8E96A00B0BE97 /* CoreGraphics.framework */,
				FABFE1FC1BC8E96100B0BE97 /* CFNetwork.framework */,
				FABFE1FA1BC8E90A00B0BE97 /* AudioToolbox.framework */,
			);
			name = Frameworks;
			sourceTree = "<group>";
		};
/* End PBXGroup section */

/* Begin PBXNativeTarget section */
		FABFE1BE1BC8E69500B0BE97 /* LetsEat */ = {
			isa = PBXNativeTarget;
			buildConfigurationList = FABFE1EC1BC8E69600B0BE97 /* Build configuration list for PBXNativeTarget "LetsEat" */;
			buildPhases = (
				FABFE1BB1BC8E69500B0BE97 /* Sources */,
				FABFE1BC1BC8E69500B0BE97 /* Frameworks */,
				FABFE1BD1BC8E69500B0BE97 /* Resources */,
			);
			buildRules = (
			);
			dependencies = (
			);
			name = LetsEat;
			productName = LetsEat;
			productReference = FABFE1BF1BC8E69600B0BE97 /* LetsEat.app */;
			productType = "com.apple.product-type.application";
		};
		FABFE1D71BC8E69600B0BE97 /* LetsEatTests */ = {
			isa = PBXNativeTarget;
			buildConfigurationList = FABFE1EF1BC8E69600B0BE97 /* Build configuration list for PBXNativeTarget "LetsEatTests" */;
			buildPhases = (
				FABFE1D41BC8E69600B0BE97 /* Sources */,
				FABFE1D51BC8E69600B0BE97 /* Frameworks */,
				FABFE1D61BC8E69600B0BE97 /* Resources */,
			);
			buildRules = (
			);
			dependencies = (
				FABFE1DA1BC8E69600B0BE97 /* PBXTargetDependency */,
			);
			name = LetsEatTests;
			productName = LetsEatTests;
			productReference = FABFE1D81BC8E69600B0BE97 /* LetsEatTests.xctest */;
			productType = "com.apple.product-type.bundle.unit-test";
		};
		FABFE1E21BC8E69600B0BE97 /* LetsEatUITests */ = {
			isa = PBXNativeTarget;
			buildConfigurationList = FABFE1F21BC8E69600B0BE97 /* Build configuration list for PBXNativeTarget "LetsEatUITests" */;
			buildPhases = (
				FABFE1DF1BC8E69600B0BE97 /* Sources */,
				FABFE1E01BC8E69600B0BE97 /* Frameworks */,
				FABFE1E11BC8E69600B0BE97 /* Resources */,
			);
			buildRules = (
			);
			dependencies = (
				FABFE1E51BC8E69600B0BE97 /* PBXTargetDependency */,
			);
			name = LetsEatUITests;
			productName = LetsEatUITests;
			productReference = FABFE1E31BC8E69600B0BE97 /* LetsEatUITests.xctest */;
			productType = "com.apple.product-type.bundle.ui-testing";
		};
/* End PBXNativeTarget section */

/* Begin PBXProject section */
		FABFE1B71BC8E69500B0BE97 /* Project object */ = {
			isa = PBXProject;
			attributes = {
				LastUpgradeCheck = 0700;
				ORGANIZATIONNAME = "Monte Thakkar";
				TargetAttributes = {
					FABFE1BE1BC8E69500B0BE97 = {
						CreatedOnToolsVersion = 7.0.1;
						DevelopmentTeam = MREFAZBH67;
						SystemCapabilities = {
							com.apple.Push = {
								enabled = 1;
							};
						};
					};
					FABFE1D71BC8E69600B0BE97 = {
						CreatedOnToolsVersion = 7.0.1;
						DevelopmentTeam = C3V4QQ3VFL;
						TestTargetID = FABFE1BE1BC8E69500B0BE97;
					};
					FABFE1E21BC8E69600B0BE97 = {
						CreatedOnToolsVersion = 7.0.1;
						DevelopmentTeam = C3V4QQ3VFL;
						TestTargetID = FABFE1BE1BC8E69500B0BE97;
					};
				};
			};
			buildConfigurationList = FABFE1BA1BC8E69500B0BE97 /* Build configuration list for PBXProject "LetsEat" */;
			compatibilityVersion = "Xcode 3.2";
			developmentRegion = English;
			hasScannedForEncodings = 0;
			knownRegions = (
				en,
				Base,
			);
			mainGroup = FABFE1B61BC8E69500B0BE97;
			productRefGroup = FABFE1C01BC8E69600B0BE97 /* Products */;
			projectDirPath = "";
			projectRoot = "";
			targets = (
				FABFE1BE1BC8E69500B0BE97 /* LetsEat */,
				FABFE1D71BC8E69600B0BE97 /* LetsEatTests */,
				FABFE1E21BC8E69600B0BE97 /* LetsEatUITests */,
			);
		};
/* End PBXProject section */

/* Begin PBXResourcesBuildPhase section */
		FABFE1BD1BC8E69500B0BE97 /* Resources */ = {
			isa = PBXResourcesBuildPhase;
			buildActionMask = 2147483647;
			files = (
				FA2188BC1BCA0830008E4131 /* Main.storyboard in Resources */,
				FABFE1D21BC8E69600B0BE97 /* LaunchScreen.storyboard in Resources */,
				FABFE1CF1BC8E69600B0BE97 /* Assets.xcassets in Resources */,
			);
			runOnlyForDeploymentPostprocessing = 0;
		};
		FABFE1D61BC8E69600B0BE97 /* Resources */ = {
			isa = PBXResourcesBuildPhase;
			buildActionMask = 2147483647;
			files = (
			);
			runOnlyForDeploymentPostprocessing = 0;
		};
		FABFE1E11BC8E69600B0BE97 /* Resources */ = {
			isa = PBXResourcesBuildPhase;
			buildActionMask = 2147483647;
			files = (
			);
			runOnlyForDeploymentPostprocessing = 0;
		};
/* End PBXResourcesBuildPhase section */

/* Begin PBXSourcesBuildPhase section */
		FABFE1BB1BC8E69500B0BE97 /* Sources */ = {
			isa = PBXSourcesBuildPhase;
			buildActionMask = 2147483647;
			files = (
				FABFE1CA1BC8E69600B0BE97 /* ViewController.m in Sources */,
				FA2188921BC9E4FE008E4131 /* Reservation.m in Sources */,
				3B586FD11BC98B9E00DFE4A8 /* QRScanViewController.m in Sources */,
				FA21888F1BC9DDBE008E4131 /* ReserveViewController.m in Sources */,
				FABFE1C71BC8E69600B0BE97 /* AppDelegate.m in Sources */,
				FABFE1C41BC8E69600B0BE97 /* main.m in Sources */,
				FA2188B41BC9E4FE008E4131 /* Constants.m in Sources */,
				FA2188B71BC9E4FE008E4131 /* CheckViewController.m in Sources */,
				3B586FCE1BC98A3700DFE4A8 /* SCShapeView.m in Sources */,
				3B3728CD1BCAC0C200BB49D1 /* OptionViewController.m in Sources */,
				FA2188BA1BC9E4FE008E4131 /* PaymentViewController.m in Sources */,
			);
			runOnlyForDeploymentPostprocessing = 0;
		};
		FABFE1D41BC8E69600B0BE97 /* Sources */ = {
			isa = PBXSourcesBuildPhase;
			buildActionMask = 2147483647;
			files = (
				FABFE1DD1BC8E69600B0BE97 /* LetsEatTests.m in Sources */,
			);
			runOnlyForDeploymentPostprocessing = 0;
		};
		FABFE1DF1BC8E69600B0BE97 /* Sources */ = {
			isa = PBXSourcesBuildPhase;
			buildActionMask = 2147483647;
			files = (
				FABFE1E81BC8E69600B0BE97 /* LetsEatUITests.m in Sources */,
			);
			runOnlyForDeploymentPostprocessing = 0;
		};
/* End PBXSourcesBuildPhase section */

/* Begin PBXTargetDependency section */
		FABFE1DA1BC8E69600B0BE97 /* PBXTargetDependency */ = {
			isa = PBXTargetDependency;
			target = FABFE1BE1BC8E69500B0BE97 /* LetsEat */;
			targetProxy = FABFE1D91BC8E69600B0BE97 /* PBXContainerItemProxy */;
		};
		FABFE1E51BC8E69600B0BE97 /* PBXTargetDependency */ = {
			isa = PBXTargetDependency;
			target = FABFE1BE1BC8E69500B0BE97 /* LetsEat */;
			targetProxy = FABFE1E41BC8E69600B0BE97 /* PBXContainerItemProxy */;
		};
/* End PBXTargetDependency section */

/* Begin PBXVariantGroup section */
		FABFE1D01BC8E69600B0BE97 /* LaunchScreen.storyboard */ = {
			isa = PBXVariantGroup;
			children = (
				FABFE1D11BC8E69600B0BE97 /* Base */,
			);
			name = LaunchScreen.storyboard;
			sourceTree = "<group>";
		};
/* End PBXVariantGroup section */

/* Begin XCBuildConfiguration section */
		FABFE1EA1BC8E69600B0BE97 /* Debug */ = {
			isa = XCBuildConfiguration;
			buildSettings = {
				ALWAYS_SEARCH_USER_PATHS = NO;
				CLANG_CXX_LANGUAGE_STANDARD = "gnu++0x";
				CLANG_CXX_LIBRARY = "libc++";
				CLANG_ENABLE_MODULES = YES;
				CLANG_ENABLE_OBJC_ARC = YES;
				CLANG_WARN_BOOL_CONVERSION = YES;
				CLANG_WARN_CONSTANT_CONVERSION = YES;
				CLANG_WARN_DIRECT_OBJC_ISA_USAGE = YES_ERROR;
				CLANG_WARN_EMPTY_BODY = YES;
				CLANG_WARN_ENUM_CONVERSION = YES;
				CLANG_WARN_INT_CONVERSION = YES;
				CLANG_WARN_OBJC_ROOT_CLASS = YES_ERROR;
				CLANG_WARN_UNREACHABLE_CODE = YES;
				CLANG_WARN__DUPLICATE_METHOD_MATCH = YES;
				CODE_SIGN_IDENTITY = "Apple Development IOS Push Services: MonteThakkar.LetsEatz";
				"CODE_SIGN_IDENTITY[sdk=iphoneos*]" = "iPhone Developer";
				COPY_PHASE_STRIP = NO;
				DEBUG_INFORMATION_FORMAT = dwarf;
				ENABLE_STRICT_OBJC_MSGSEND = YES;
				ENABLE_TESTABILITY = YES;
				GCC_C_LANGUAGE_STANDARD = gnu99;
				GCC_DYNAMIC_NO_PIC = NO;
				GCC_NO_COMMON_BLOCKS = YES;
				GCC_OPTIMIZATION_LEVEL = 0;
				GCC_PREPROCESSOR_DEFINITIONS = (
					"DEBUG=1",
					"$(inherited)",
				);
				GCC_WARN_64_TO_32_BIT_CONVERSION = YES;
				GCC_WARN_ABOUT_RETURN_TYPE = YES_ERROR;
				GCC_WARN_UNDECLARED_SELECTOR = YES;
				GCC_WARN_UNINITIALIZED_AUTOS = YES_AGGRESSIVE;
				GCC_WARN_UNUSED_FUNCTION = YES;
				GCC_WARN_UNUSED_VARIABLE = YES;
				IPHONEOS_DEPLOYMENT_TARGET = 9.0;
				MTL_ENABLE_DEBUG_INFO = YES;
				ONLY_ACTIVE_ARCH = YES;
				SDKROOT = iphoneos;
				TARGETED_DEVICE_FAMILY = "1,2";
			};
			name = Debug;
		};
		FABFE1EB1BC8E69600B0BE97 /* Release */ = {
			isa = XCBuildConfiguration;
			buildSettings = {
				ALWAYS_SEARCH_USER_PATHS = NO;
				CLANG_CXX_LANGUAGE_STANDARD = "gnu++0x";
				CLANG_CXX_LIBRARY = "libc++";
				CLANG_ENABLE_MODULES = YES;
				CLANG_ENABLE_OBJC_ARC = YES;
				CLANG_WARN_BOOL_CONVERSION = YES;
				CLANG_WARN_CONSTANT_CONVERSION = YES;
				CLANG_WARN_DIRECT_OBJC_ISA_USAGE = YES_ERROR;
				CLANG_WARN_EMPTY_BODY = YES;
				CLANG_WARN_ENUM_CONVERSION = YES;
				CLANG_WARN_INT_CONVERSION = YES;
				CLANG_WARN_OBJC_ROOT_CLASS = YES_ERROR;
				CLANG_WARN_UNREACHABLE_CODE = YES;
				CLANG_WARN__DUPLICATE_METHOD_MATCH = YES;
				CODE_SIGN_IDENTITY = "Apple Development IOS Push Services: MonteThakkar.LetsEatz";
				"CODE_SIGN_IDENTITY[sdk=iphoneos*]" = "iPhone Developer";
				COPY_PHASE_STRIP = NO;
				DEBUG_INFORMATION_FORMAT = "dwarf-with-dsym";
				ENABLE_NS_ASSERTIONS = NO;
				ENABLE_STRICT_OBJC_MSGSEND = YES;
				GCC_C_LANGUAGE_STANDARD = gnu99;
				GCC_NO_COMMON_BLOCKS = YES;
				GCC_WARN_64_TO_32_BIT_CONVERSION = YES;
				GCC_WARN_ABOUT_RETURN_TYPE = YES_ERROR;
				GCC_WARN_UNDECLARED_SELECTOR = YES;
				GCC_WARN_UNINITIALIZED_AUTOS = YES_AGGRESSIVE;
				GCC_WARN_UNUSED_FUNCTION = YES;
				GCC_WARN_UNUSED_VARIABLE = YES;
				IPHONEOS_DEPLOYMENT_TARGET = 9.0;
				MTL_ENABLE_DEBUG_INFO = NO;
				SDKROOT = iphoneos;
				TARGETED_DEVICE_FAMILY = "1,2";
				VALIDATE_PRODUCT = YES;
			};
			name = Release;
		};
		FABFE1ED1BC8E69600B0BE97 /* Debug */ = {
			isa = XCBuildConfiguration;
			buildSettings = {
				ASSETCATALOG_COMPILER_APPICON_NAME = AppIcon;
				CODE_SIGN_IDENTITY = "iPhone Developer";
				"CODE_SIGN_IDENTITY[sdk=iphoneos*]" = "iPhone Developer";
				ENABLE_BITCODE = NO;
				FRAMEWORK_SEARCH_PATHS = (
					"$(inherited)",
					"$(PROJECT_DIR)/LetsEat",
				);
				INFOPLIST_FILE = LetsEat/Info.plist;
				LD_RUNPATH_SEARCH_PATHS = "$(inherited) @executable_path/Frameworks";
				OTHER_LDFLAGS = "-ObjC";
				PRODUCT_BUNDLE_IDENTIFIER = MonteThakkar.LetsEatz;
				PRODUCT_NAME = "$(TARGET_NAME)";
				PROVISIONING_PROFILE = "";
			};
			name = Debug;
		};
		FABFE1EE1BC8E69600B0BE97 /* Release */ = {
			isa = XCBuildConfiguration;
			buildSettings = {
				ASSETCATALOG_COMPILER_APPICON_NAME = AppIcon;
				CODE_SIGN_IDENTITY = "iPhone Developer";
				"CODE_SIGN_IDENTITY[sdk=iphoneos*]" = "iPhone Developer";
				ENABLE_BITCODE = NO;
				FRAMEWORK_SEARCH_PATHS = (
					"$(inherited)",
					"$(PROJECT_DIR)/LetsEat",
				);
				INFOPLIST_FILE = LetsEat/Info.plist;
				LD_RUNPATH_SEARCH_PATHS = "$(inherited) @executable_path/Frameworks";
				OTHER_LDFLAGS = "-ObjC";
				PRODUCT_BUNDLE_IDENTIFIER = MonteThakkar.LetsEatz;
				PRODUCT_NAME = "$(TARGET_NAME)";
				PROVISIONING_PROFILE = "";
			};
			name = Release;
		};
		FABFE1F01BC8E69600B0BE97 /* Debug */ = {
			isa = XCBuildConfiguration;
			buildSettings = {
				BUNDLE_LOADER = "$(TEST_HOST)";
				INFOPLIST_FILE = LetsEatTests/Info.plist;
				LD_RUNPATH_SEARCH_PATHS = "$(inherited) @executable_path/Frameworks @loader_path/Frameworks";
				PRODUCT_BUNDLE_IDENTIFIER = MonteThakkar.LetsEatTests;
				PRODUCT_NAME = "$(TARGET_NAME)";
				TEST_HOST = "$(BUILT_PRODUCTS_DIR)/LetsEat.app/LetsEat";
			};
			name = Debug;
		};
		FABFE1F11BC8E69600B0BE97 /* Release */ = {
			isa = XCBuildConfiguration;
			buildSettings = {
				BUNDLE_LOADER = "$(TEST_HOST)";
				INFOPLIST_FILE = LetsEatTests/Info.plist;
				LD_RUNPATH_SEARCH_PATHS = "$(inherited) @executable_path/Frameworks @loader_path/Frameworks";
				PRODUCT_BUNDLE_IDENTIFIER = MonteThakkar.LetsEatTests;
				PRODUCT_NAME = "$(TARGET_NAME)";
				TEST_HOST = "$(BUILT_PRODUCTS_DIR)/LetsEat.app/LetsEat";
			};
			name = Release;
		};
		FABFE1F31BC8E69600B0BE97 /* Debug */ = {
			isa = XCBuildConfiguration;
			buildSettings = {
				INFOPLIST_FILE = LetsEatUITests/Info.plist;
				LD_RUNPATH_SEARCH_PATHS = "$(inherited) @executable_path/Frameworks @loader_path/Frameworks";
				PRODUCT_BUNDLE_IDENTIFIER = MonteThakkar.LetsEatUITests;
				PRODUCT_NAME = "$(TARGET_NAME)";
				TEST_TARGET_NAME = LetsEat;
				USES_XCTRUNNER = YES;
			};
			name = Debug;
		};
		FABFE1F41BC8E69600B0BE97 /* Release */ = {
			isa = XCBuildConfiguration;
			buildSettings = {
				INFOPLIST_FILE = LetsEatUITests/Info.plist;
				LD_RUNPATH_SEARCH_PATHS = "$(inherited) @executable_path/Frameworks @loader_path/Frameworks";
				PRODUCT_BUNDLE_IDENTIFIER = MonteThakkar.LetsEatUITests;
				PRODUCT_NAME = "$(TARGET_NAME)";
				TEST_TARGET_NAME = LetsEat;
				USES_XCTRUNNER = YES;
			};
			name = Release;
		};
/* End XCBuildConfiguration section */

/* Begin XCConfigurationList section */
		FABFE1BA1BC8E69500B0BE97 /* Build configuration list for PBXProject "LetsEat" */ = {
			isa = XCConfigurationList;
			buildConfigurations = (
				FABFE1EA1BC8E69600B0BE97 /* Debug */,
				FABFE1EB1BC8E69600B0BE97 /* Release */,
			);
			defaultConfigurationIsVisible = 0;
			defaultConfigurationName = Release;
		};
		FABFE1EC1BC8E69600B0BE97 /* Build configuration list for PBXNativeTarget "LetsEat" */ = {
			isa = XCConfigurationList;
			buildConfigurations = (
				FABFE1ED1BC8E69600B0BE97 /* Debug */,
				FABFE1EE1BC8E69600B0BE97 /* Release */,
			);
			defaultConfigurationIsVisible = 0;
			defaultConfigurationName = Release;
		};
		FABFE1EF1BC8E69600B0BE97 /* Build configuration list for PBXNativeTarget "LetsEatTests" */ = {
			isa = XCConfigurationList;
			buildConfigurations = (
				FABFE1F01BC8E69600B0BE97 /* Debug */,
				FABFE1F11BC8E69600B0BE97 /* Release */,
			);
			defaultConfigurationIsVisible = 0;
			defaultConfigurationName = Release;
		};
		FABFE1F21BC8E69600B0BE97 /* Build configuration list for PBXNativeTarget "LetsEatUITests" */ = {
			isa = XCConfigurationList;
			buildConfigurations = (
				FABFE1F31BC8E69600B0BE97 /* Debug */,
				FABFE1F41BC8E69600B0BE97 /* Release */,
			);
			defaultConfigurationIsVisible = 0;
			defaultConfigurationName = Release;
		};
/* End XCConfigurationList section */
	};
	rootObject = FABFE1B71BC8E69500B0BE97 /* Project object */;
}
